Microsoft Visual Studio Solution File, Format Version 12.00
# Visual Studio Version 17
VisualStudioVersion = 17.5.2.0
MinimumVisualStudioVersion = 10.0.40219.1
Project("{FAE04EC0-301F-11D3-BF4B-00C04F79EFBC}") = "tuif", "tuif.csproj", "{8F97DE5A-C926-2477-A660-49E67673B8BE}"
EndProject
Global
	GlobalSection(SolutionConfigurationPlatforms) = preSolution
		Debug|Any CPU = Debug|Any CPU
		Release|Any CPU = Release|Any CPU
	EndGlobalSection
	GlobalSection(ProjectConfigurationPlatforms) = postSolution
		{8F97DE5A-C926-2477-A660-49E67673B8BE}.Debug|Any CPU.ActiveCfg = Debug|Any CPU
		{8F97DE5A-C926-2477-A660-49E67673B8BE}.Debug|Any CPU.Build.0 = Debug|Any CPU
		{8F97DE5A-C926-2477-A660-49E67673B8BE}.Release|Any CPU.ActiveCfg = Release|Any CPU
		{8F97DE5A-C926-2477-A660-49E67673B8BE}.Release|Any CPU.Build.0 = Release|Any CPU
	EndGlobalSection
	GlobalSection(SolutionProperties) = preSolution
		HideSolutionNode = FALSE
	EndGlobalSection
	GlobalSection(ExtensibilityGlobals) = postSolution
		SolutionGuid = {7E2EAA24-E7B0-4806-927D-867481D5FDDC}
	EndGlobalSection
EndGlobal
